// !$*UTF8*$!
{
	archiveVersion = 1;
	classes = {
	};
	objectVersion = 46;
	objects = {

/* Begin PBXBuildFile section */
		5B1B79561EA7E20900B09A06 /* RecordSoundsViewController.swift in Sources */ = {isa = PBXBuildFile; fileRef = 5B9F85A81EA77FC50070554B /* RecordSoundsViewController.swift */; };
		5B1B79581EA7E67C00B09A06 /* PlaySoundsViewController.swift in Sources */ = {isa = PBXBuildFile; fileRef = 5B1B79571EA7E67C00B09A06 /* PlaySoundsViewController.swift */; };
		5B9F85A71EA77FC50070554B /* AppDelegate.swift in Sources */ = {isa = PBXBuildFile; fileRef = 5B9F85A61EA77FC50070554B /* AppDelegate.swift */; };
		5B9F85AC1EA77FC50070554B /* Main.storyboard in Resources */ = {isa = PBXBuildFile; fileRef = 5B9F85AA1EA77FC50070554B /* Main.storyboard */; };
		5B9F85AE1EA77FC50070554B /* Assets.xcassets in Resources */ = {isa = PBXBuildFile; fileRef = 5B9F85AD1EA77FC50070554B /* Assets.xcassets */; };
		5B9F85B11EA77FC50070554B /* LaunchScreen.storyboard in Resources */ = {isa = PBXBuildFile; fileRef = 5B9F85AF1EA77FC50070554B /* LaunchScreen.storyboard */; };
		5BC675371EA8C9D5005137ED /* PlaySoundsViewController-Audio.swift in Sources */ = {isa = PBXBuildFile; fileRef = 5BC675361EA8C9D5005137ED /* PlaySoundsViewController-Audio.swift */; };
/* End PBXBuildFile section */

/* Begin PBXFileReference section */
		5B1B79571EA7E67C00B09A06 /* PlaySoundsViewController.swift */ = {isa = PBXFileReference; fileEncoding = 4; lastKnownFileType = sourcecode.swift; path = PlaySoundsViewController.swift; sourceTree = "<group>"; };
		5B9F85A31EA77FC50070554B /* PitchPerfect.app */ = {isa = PBXFileReference; explicitFileType = wrapper.application; includeInIndex = 0; path = PitchPerfect.app; sourceTree = BUILT_PRODUCTS_DIR; };
		5B9F85A61EA77FC50070554B /* AppDelegate.swift */ = {isa = PBXFileReference; lastKnownFileType = sourcecode.swift; path = AppDelegate.swift; sourceTree = "<group>"; };
		5B9F85A81EA77FC50070554B /* RecordSoundsViewController.swift */ = {isa = PBXFileReference; lastKnownFileType = sourcecode.swift; path = RecordSoundsViewController.swift; sourceTree = "<group>"; };
		5B9F85AB1EA77FC50070554B /* Base */ = {isa = PBXFileReference; lastKnownFileType = file.storyboard; name = Base; path = Base.lproj/Main.storyboard; sourceTree = "<group>"; };
		5B9F85AD1EA77FC50070554B /* Assets.xcassets */ = {isa = PBXFileReference; lastKnownFileType = folder.assetcatalog; path = Assets.xcassets; sourceTree = "<group>"; };
		5B9F85B01EA77FC50070554B /* Base */ = {isa = PBXFileReference; lastKnownFileType = file.storyboard; name = Base; path = Base.lproj/LaunchScreen.storyboard; sourceTree = "<group>"; };
		5B9F85B21EA77FC50070554B /* Info.plist */ = {isa = PBXFileReference; lastKnownFileType = text.plist.xml; path = Info.plist; sourceTree = "<group>"; };
		5BC675361EA8C9D5005137ED /* PlaySoundsViewController-Audio.swift */ = {isa = PBXFileReference; fileEncoding = 4; lastKnownFileType = sourcecode.swift; path = "PlaySoundsViewController-Audio.swift"; sourceTree = "<group>"; };
/* End PBXFileReference section */

/* Begin PBXFrameworksBuildPhase section */
		5B9F85A01EA77FC50070554B /* Frameworks */ = {
			isa = PBXFrameworksBuildPhase;
			buildActionMask = 2147483647;
			files = (
			);
			runOnlyForDeploymentPostprocessing = 0;
		};
/* End PBXFrameworksBuildPhase section */

/* Begin PBXGroup section */
		5B9F859A1EA77FC50070554B = {
			isa = PBXGroup;
			children = (
				5B9F85A51EA77FC50070554B /* PitchPerfect */,
				5B9F85A41EA77FC50070554B /* Products */,
			);
			sourceTree = "<group>";
		};
		5B9F85A41EA77FC50070554B /* Products */ = {
			isa = PBXGroup;
			children = (
				5B9F85A31EA77FC50070554B /* PitchPerfect.app */,
			);
			name = Products;
			sourceTree = "<group>";
		};
		5B9F85A51EA77FC50070554B /* PitchPerfect */ = {
			isa = PBXGroup;
			children = (
				5B9F85A61EA77FC50070554B /* AppDelegate.swift */,
				5B9F85A81EA77FC50070554B /* RecordSoundsViewController.swift */,
				5B9F85AA1EA77FC50070554B /* Main.storyboard */,
				5B9F85AD1EA77FC50070554B /* Assets.xcassets */,
				5B9F85AF1EA77FC50070554B /* LaunchScreen.storyboard */,
				5B9F85B21EA77FC50070554B /* Info.plist */,
				5B1B79571EA7E67C00B09A06 /* PlaySoundsViewController.swift */,
				5BC675361EA8C9D5005137ED /* PlaySoundsViewController-Audio.swift */,
			);
			path = PitchPerfect;
			sourceTree = "<group>";
		};
/* End PBXGroup section */

/* Begin PBXNativeTarget section */
		5B9F85A21EA77FC50070554B /* PitchPerfect */ = {
			isa = PBXNativeTarget;
			buildConfigurationList = 5B9F85B51EA77FC50070554B /* Build configuration list for PBXNativeTarget "PitchPerfect" */;
			buildPhases = (
				5B9F859F1EA77FC50070554B /* Sources */,
				5B9F85A01EA77FC50070554B /* Frameworks */,
				5B9F85A11EA77FC50070554B /* Resources */,
			);
			buildRules = (
			);
			dependencies = (
			);
			name = PitchPerfect;
			productName = PitchPerfect;
			productReference = 5B9F85A31EA77FC50070554B /* PitchPerfect.app */;
			productType = "com.apple.product-type.application";
		};
/* End PBXNativeTarget section */

/* Begin PBXProject section */
		5B9F859B1EA77FC50070554B /* Project object */ = {
			isa = PBXProject;
			attributes = {
				LastSwiftUpdateCheck = 0830;
				LastUpgradeCheck = 0830;
				ORGANIZATIONNAME = "Martin Janák";
				TargetAttributes = {
					5B9F85A21EA77FC50070554B = {
						CreatedOnToolsVersion = 8.3.1;
						DevelopmentTeam = SGK3GJ9S6S;
						ProvisioningStyle = Automatic;
					};
				};
			};
			buildConfigurationList = 5B9F859E1EA77FC50070554B /* Build configuration list for PBXProject "PitchPerfect" */;
			compatibilityVersion = "Xcode 3.2";
			developmentRegion = English;
			hasScannedForEncodings = 0;
			knownRegions = (
				en,
				Base,
			);
			mainGroup = 5B9F859A1EA77FC50070554B;
			productRefGroup = 5B9F85A41EA77FC50070554B /* Products */;
			projectDirPath = "";
			projectRoot = "";
			targets = (
				5B9F85A21EA77FC50070554B /* PitchPerfect */,
			);
		};
/* End PBXProject section */

/* Begin PBXResourcesBuildPhase section */
		5B9F85A11EA77FC50070554B /* Resources */ = {
			isa = PBXResourcesBuildPhase;
			buildActionMask = 2147483647;
			files = (
				5B9F85B11EA77FC50070554B /* LaunchScreen.storyboard in Resources */,
				5B9F85AE1EA77FC50070554B /* Assets.xcassets in Resources */,
				5B9F85AC1EA77FC50070554B /* Main.storyboard in Resources */,
			);
			runOnlyForDeploymentPostprocessing = 0;
		};
/* End PBXResourcesBuildPhase section */

/* Begin PBXSourcesBuildPhase section */
		5B9F859F1EA77FC50070554B /* Sources */ = {
			isa = PBXSourcesBuildPhase;
			buildActionMask = 2147483647;
			files = (
				5B1B79561EA7E20900B09A06 /* RecordSoundsViewController.swift in Sources */,
				5B1B79581EA7E67C00B09A06 /* PlaySoundsViewController.swift in Sources */,
				5B9F85A71EA77FC50070554B /* AppDelegate.swift in Sources */,
				5BC675371EA8C9D5005137ED /* PlaySoundsViewController-Audio.swift in Sources */,
			);
			runOnlyForDeploymentPostprocessing = 0;
		};
/* End PBXSourcesBuildPhase section */

/* Begin PBXVariantGroup section */
		5B9F85AA1EA77FC50070554B /* Main.storyboard */ = {
			isa = PBXVariantGroup;
			children = (
				5B9F85AB1EA77FC50070554B /* Base */,
			);
			name = Main.storyboard;
			sourceTree = "<group>";
		};
		5B9F85AF1EA77FC50070554B /* LaunchScreen.storyboard */ = {
			isa = PBXVariantGroup;
			children = (
				5B9F85B01EA77FC50070554B /* Base */,
			);
			name = LaunchScreen.storyboard;
			sourceTree = "<group>";
		};
/* End PBXVariantGroup section */

/* Begin XCBuildConfiguration section */
		5B9F85B31EA77FC50070554B /* Debug */ = {
			isa = XCBuildConfiguration;
			buildSettings = {
				ALWAYS_SEARCH_USER_PATHS = NO;
				CLANG_ANALYZER_NONNULL = YES;
				CLANG_ANALYZER_NUMBER_OBJECT_CONVERSION = YES_AGGRESSIVE;
				CLANG_CXX_LANGUAGE_STANDARD = "gnu++0x";
				CLANG_CXX_LIBRARY = "libc++";
				CLANG_ENABLE_MODULES = YES;
				CLANG_ENABLE_OBJC_ARC = YES;
				CLANG_WARN_BOOL_CONVERSION = YES;
				CLANG_WARN_CONSTANT_CONVERSION = YES;
				CLANG_WARN_DIRECT_OBJC_ISA_USAGE = YES_ERROR;
				CLANG_WARN_DOCUMENTATION_COMMENTS = YES;
				CLANG_WARN_EMPTY_BODY = YES;
				CLANG_WARN_ENUM_CONVERSION = YES;
				CLANG_WARN_INFINITE_RECURSION = YES;
				CLANG_WARN_INT_CONVERSION = YES;
				CLANG_WARN_OBJC_ROOT_CLASS = YES_ERROR;
				CLANG_WARN_SUSPICIOUS_MOVE = YES;
				CLANG_WARN_UNREACHABLE_CODE = YES;
				CLANG_WARN__DUPLICATE_METHOD_MATCH = YES;
				"CODE_SIGN_IDENTITY[sdk=iphoneos*]" = "iPhone Developer";
				COPY_PHASE_STRIP = NO;
				DEBUG_INFORMATION_FORMAT = dwarf;
				ENABLE_STRICT_OBJC_MSGSEND = YES;
				ENABLE_TESTABILITY = YES;
				GCC_C_LANGUAGE_STANDARD = gnu99;
				GCC_DYNAMIC_NO_PIC = NO;
				GCC_NO_COMMON_BLOCKS = YES;
				GCC_OPTIMIZATION_LEVEL = 0;
				GCC_PREPROCESSOR_DEFINITIONS = (
					"DEBUG=1",
					"$(inherited)",
				);
				GCC_WARN_64_TO_32_BIT_CONVERSION = YES;
				GCC_WARN_ABOUT_RETURN_TYPE = YES_ERROR;
				GCC_WARN_UNDECLARED_SELECTOR = YES;
				GCC_WARN_UNINITIALIZED_AUTOS = YES_AGGRESSIVE;
				GCC_WARN_UNUSED_FUNCTION = YES;
				GCC_WARN_UNUSED_VARIABLE = YES;
				IPHONEOS_DEPLOYMENT_TARGET = 10.3;
				MTL_ENABLE_DEBUG_INFO = YES;
				ONLY_ACTIVE_ARCH = YES;
				SDKROOT = iphoneos;
				SWIFT_ACTIVE_COMPILATION_CONDITIONS = DEBUG;
				SWIFT_OPTIMIZATION_LEVEL = "-Onone";
				TARGETED_DEVICE_FAMILY = "1,2";
			};
			name = Debug;
		};
		5B9F85B41EA77FC50070554B /* Release */ = {
			isa = XCBuildConfiguration;
			buildSettings = {
				ALWAYS_SEARCH_USER_PATHS = NO;
				CLANG_ANALYZER_NONNULL = YES;
				CLANG_ANALYZER_NUMBER_OBJECT_CONVERSION = YES_AGGRESSIVE;
				CLANG_CXX_LANGUAGE_STANDARD = "gnu++0x";
				CLANG_CXX_LIBRARY = "libc++";
				CLANG_ENABLE_MODULES = YES;
				CLANG_ENABLE_OBJC_ARC = YES;
				CLANG_WARN_BOOL_CONVERSION = YES;
				CLANG_WARN_CONSTANT_CONVERSION = YES;
				CLANG_WARN_DIRECT_OBJC_ISA_USAGE = YES_ERROR;
				CLANG_WARN_DOCUMENTATION_COMMENTS = YES;
				CLANG_WARN_EMPTY_BODY = YES;
				CLANG_WARN_ENUM_CONVERSION = YES;
				CLANG_WARN_INFINITE_RECURSION = YES;
				CLANG_WARN_INT_CONVERSION = YES;
				CLANG_WARN_OBJC_ROOT_CLASS = YES_ERROR;
				CLANG_WARN_SUSPICIOUS_MOVE = YES;
				CLANG_WARN_UNREACHABLE_CODE = YES;
				CLANG_WARN__DUPLICATE_METHOD_MATCH = YES;
				"CODE_SIGN_IDENTITY[sdk=iphoneos*]" = "iPhone Developer";
				COPY_PHASE_STRIP = NO;
				DEBUG_INFORMATION_FORMAT = "dwarf-with-dsym";
				ENABLE_NS_ASSERTIONS = NO;
				ENABLE_STRICT_OBJC_MSGSEND = YES;
				GCC_C_LANGUAGE_STANDARD = gnu99;
				GCC_NO_COMMON_BLOCKS = YES;
				GCC_WARN_64_TO_32_BIT_CONVERSION = YES;
				GCC_WARN_ABOUT_RETURN_TYPE = YES_ERROR;
				GCC_WARN_UNDECLARED_SELECTOR = YES;
				GCC_WARN_UNINITIALIZED_AUTOS = YES_AGGRESSIVE;
				GCC_WARN_UNUSED_FUNCTION = YES;
				GCC_WARN_UNUSED_VARIABLE = YES;
				IPHONEOS_DEPLOYMENT_TARGET = 10.3;
				MTL_ENABLE_DEBUG_INFO = NO;
				SDKROOT = iphoneos;
				SWIFT_OPTIMIZATION_LEVEL = "-Owholemodule";
				TARGETED_DEVICE_FAMILY = "1,2";
				VALIDATE_PRODUCT = YES;
			};
			name = Release;
		};
		5B9F85B61EA77FC50070554B /* Debug */ = {
			isa = XCBuildConfiguration;
			buildSettings = {
				ASSETCATALOG_COMPILER_APPICON_NAME = AppIcon;
				DEVELOPMENT_TEAM = SGK3GJ9S6S;
				INFOPLIST_FILE = PitchPerfect/Info.plist;
				LD_RUNPATH_SEARCH_PATHS = "$(inherited) @executable_path/Frameworks";
				PRODUCT_BUNDLE_IDENTIFIER = com.janak.martin.PitchPerfect;
				PRODUCT_NAME = "$(TARGET_NAME)";
				SWIFT_VERSION = 3.0;
			};
			name = Debug;
		};
		5B9F85B71EA77FC50070554B /* Release */ = {
			isa = XCBuildConfiguration;
			buildSettings = {
				ASSETCATALOG_COMPILER_APPICON_NAME = AppIcon;
				DEVELOPMENT_TEAM = SGK3GJ9S6S;
				INFOPLIST_FILE = PitchPerfect/Info.plist;
				LD_RUNPATH_SEARCH_PATHS = "$(inherited) @executable_path/Frameworks";
				PRODUCT_BUNDLE_IDENTIFIER = com.janak.martin.PitchPerfect;
				PRODUCT_NAME = "$(TARGET_NAME)";
				SWIFT_VERSION = 3.0;
			};
			name = Release;
		};
/* End XCBuildConfiguration section */

/* Begin XCConfigurationList section */
		5B9F859E1EA77FC50070554B /* Build configuration list for PBXProject "PitchPerfect" */ = {
			isa = XCConfigurationList;
			buildConfigurations = (
				5B9F85B31EA77FC50070554B /* Debug */,
				5B9F85B41EA77FC50070554B /* Release */,
			);
			defaultConfigurationIsVisible = 0;
			defaultConfigurationName = Release;
		};
		5B9F85B51EA77FC50070554B /* Build configuration list for PBXNativeTarget "PitchPerfect" */ = {
			isa = XCConfigurationList;
			buildConfigurations = (
				5B9F85B61EA77FC50070554B /* Debug */,
				5B9F85B71EA77FC50070554B /* Release */,
			);
			defaultConfigurationIsVisible = 0;
			defaultConfigurationName = Release;
		};
/* End XCConfigurationList section */
	};
	rootObject = 5B9F859B1EA77FC50070554B /* Project object */;
}
